
Microsoft Visual Studio Solution File, Format Version 12.00
# Visual Studio Version 17
VisualStudioVersion = 17.9.34622.214
MinimumVisualStudioVersion = 10.0.40219.1
Project("{FAE04EC0-301F-11D3-BF4B-00C04F79EFBC}") = "SiliconWebApi", "SiliconWebApi\SiliconWebApi.csproj", "{C12CF80F-0729-4168-8611-0FC9A11A1E7C}"
EndProject
Global
	GlobalSection(SolutionConfigurationPlatforms) = preSolution
		Debug|Any CPU = Debug|Any CPU
		Release|Any CPU = Release|Any CPU
	EndGlobalSection
	GlobalSection(ProjectConfigurationPlatforms) = postSolution
		{C12CF80F-0729-4168-8611-0FC9A11A1E7C}.Debug|Any CPU.ActiveCfg = Debug|Any CPU
		{C12CF80F-0729-4168-8611-0FC9A11A1E7C}.Debug|Any CPU.Build.0 = Debug|Any CPU
		{C12CF80F-0729-4168-8611-0FC9A11A1E7C}.Release|Any CPU.ActiveCfg = Release|Any CPU
		{C12CF80F-0729-4168-8611-0FC9A11A1E7C}.Release|Any CPU.Build.0 = Release|Any CPU
	EndGlobalSection
	GlobalSection(SolutionProperties) = preSolution
		HideSolutionNode = FALSE
	EndGlobalSection
	GlobalSection(ExtensibilityGlobals) = postSolution
		SolutionGuid = {8B2A7F0F-963D-4E96-A287-1B20202B357B}
	EndGlobalSection
EndGlobal
